
Microsoft Visual Studio Solution File, Format Version 12.00
# Visual Studio Version 16
VisualStudioVersion = 16.0.31515.178
MinimumVisualStudioVersion = 10.0.40219.1
Project("{888888A0-9F3D-457C-B088-3A5042F75D52}") = "InvoiceLineItem", "InvoiceLineItem.pyproj", "{B6FD5DDC-1C11-4B09-8A1D-0EC4909BEA02}"
EndProject
Global
	GlobalSection(SolutionConfigurationPlatforms) = preSolution
		Debug|Any CPU = Debug|Any CPU
		Release|Any CPU = Release|Any CPU
	EndGlobalSection
	GlobalSection(ProjectConfigurationPlatforms) = postSolution
		{B6FD5DDC-1C11-4B09-8A1D-0EC4909BEA02}.Debug|Any CPU.ActiveCfg = Debug|Any CPU
		{B6FD5DDC-1C11-4B09-8A1D-0EC4909BEA02}.Release|Any CPU.ActiveCfg = Release|Any CPU
	EndGlobalSection
	GlobalSection(SolutionProperties) = preSolution
		HideSolutionNode = FALSE
	EndGlobalSection
	GlobalSection(ExtensibilityGlobals) = postSolution
		SolutionGuid = {8D330185-E8CD-442B-8669-630A2AD13FE7}
	EndGlobalSection
EndGlobal
